<?xml version="1.0" encoding="utf-8"?>
<Project ToolsVersion="4.0" xmlns="http://schemas.microsoft.com/developer/msbuild/2003">
  <ItemGroup>
    <Filter Include="Source Files">
      <UniqueIdentifier>{4FC737F1-C7A5-4376-A066-2A32D752A2FF}</UniqueIdentifier>
      <Extensions>cpp;c;cc;cxx;def;odl;idl;hpj;bat;asm;asmx</Extensions>
    </Filter>
    <Filter Include="Header Files">
      <UniqueIdentifier>{93995380-89BD-4b04-88EB-625FBE52EBFB}</UniqueIdentifier>
      <Extensions>h;hpp;hxx;hm;inl;inc;xsd</Extensions>
    </Filter>
    <Filter Include="Resource Files">
      <UniqueIdentifier>{67DA6AB6-F800-4c08-8B7A-83BB121AAD01}</UniqueIdentifier>
      <Extensions>rc;ico;cur;bmp;dlg;rc2;rct;bin;rgs;gif;jpg;jpeg;jpe;resx;tiff;tif;png;wav;mfcribbon-ms</Extensions>
    </Filter>
    <Filter Include="Source Files\PKB">
      <UniqueIdentifier>{023f36e4-cfd8-4799-880d-2e8bbb029ad4}</UniqueIdentifier>
    </Filter>
    <Filter Include="Source Files\PQL">
      <UniqueIdentifier>{2a145bd3-eb79-4998-a02c-dc0f1cc1db92}</UniqueIdentifier>
    </Filter>
    <Filter Include="Source Files\PKB\TNode">
      <UniqueIdentifier>{bb90d160-e5dd-44dd-913b-70e3f77882d8}</UniqueIdentifier>
    </Filter>
    <Filter Include="Source Files\FrontEnd">
      <UniqueIdentifier>{8aaf0138-5ab1-42d7-9389-6df9a1b41715}</UniqueIdentifier>
    </Filter>
    <Filter Include="Source Files\FrontEnd\Parser">
      <UniqueIdentifier>{2650a8ac-2120-469a-9241-e8a2f88aa313}</UniqueIdentifier>
    </Filter>
    <Filter Include="Source Files\FrontEnd\DesignExtractor">
      <UniqueIdentifier>{cab850b3-c482-47bf-8aff-c6b2df8f728c}</UniqueIdentifier>
    </Filter>
    <Filter Include="Source Files\Utility">
      <UniqueIdentifier>{3cd09e9b-f387-4231-8d40-7f9c32566410}</UniqueIdentifier>
    </Filter>
  </ItemGroup>
  <ItemGroup>
    <ClCompile Include="..\source\PKB.cpp">
      <Filter>Source Files\PKB</Filter>
    </ClCompile>
    <ClCompile Include="..\source\TNode.cpp">
      <Filter>Source Files\PKB\TNode</Filter>
    </ClCompile>
    <ClCompile Include="..\source\DesignExtractor.cpp">
      <Filter>Source Files\FrontEnd\DesignExtractor</Filter>
    </ClCompile>
    <ClCompile Include="..\source\Parser.cpp">
      <Filter>Source Files\FrontEnd\Parser</Filter>
    </ClCompile>
    <ClCompile Include="..\source\TNodeWhile.cpp">
      <Filter>Source Files\PKB\TNode</Filter>
    </ClCompile>
    <ClCompile Include="..\source\TNodeVar.cpp">
      <Filter>Source Files\PKB\TNode</Filter>
    </ClCompile>
    <ClCompile Include="..\source\TNodeTimes.cpp">
      <Filter>Source Files\PKB\TNode</Filter>
    </ClCompile>
    <ClCompile Include="..\source\TNodeStmt.cpp">
      <Filter>Source Files\PKB\TNode</Filter>
    </ClCompile>
    <ClCompile Include="..\source\TNodeRef.cpp">
      <Filter>Source Files\PKB\TNode</Filter>
    </ClCompile>
    <ClCompile Include="..\source\TNodeProg.cpp">
      <Filter>Source Files\PKB\TNode</Filter>
    </ClCompile>
    <ClCompile Include="..\source\TNodeProc.cpp">
      <Filter>Source Files\PKB\TNode</Filter>
    </ClCompile>
    <ClCompile Include="..\source\TNodePlus.cpp">
      <Filter>Source Files\PKB\TNode</Filter>
    </ClCompile>
    <ClCompile Include="..\source\TNodeMinus.cpp">
      <Filter>Source Files\PKB\TNode</Filter>
    </ClCompile>
    <ClCompile Include="..\source\TNodeIf.cpp">
      <Filter>Source Files\PKB\TNode</Filter>
    </ClCompile>
    <ClCompile Include="..\source\TNodeExpr.cpp">
      <Filter>Source Files\PKB\TNode</Filter>
    </ClCompile>
    <ClCompile Include="..\source\TNodeConst.cpp">
      <Filter>Source Files\PKB\TNode</Filter>
    </ClCompile>
    <ClCompile Include="..\source\TNodeCall.cpp">
      <Filter>Source Files\PKB\TNode</Filter>
    </ClCompile>
    <ClCompile Include="..\source\TNodeAssign.cpp">
      <Filter>Source Files\PKB\TNode</Filter>
    </ClCompile>
    <ClCompile Include="..\source\AST.cpp">
      <Filter>Source Files\PKB</Filter>
    </ClCompile>
  </ItemGroup>
  <ItemGroup>
    <ClInclude Include="..\source\PKB.h">
      <Filter>Header Files</Filter>
    </ClInclude>
    <ClInclude Include="..\source\TNode.h">
      <Filter>Header Files</Filter>
    </ClInclude>
    <ClInclude Include="..\source\TNodeProc.h">
      <Filter>Header Files</Filter>
    </ClInclude>
    <ClInclude Include="..\source\TNodeProg.h">
      <Filter>Header Files</Filter>
    </ClInclude>
    <ClInclude Include="..\source\TNodePlus.h">
      <Filter>Header Files</Filter>
    </ClInclude>
    <ClInclude Include="..\source\TNodeMinus.h">
      <Filter>Header Files</Filter>
    </ClInclude>
    <ClInclude Include="..\source\TNodeTimes.h">
      <Filter>Header Files</Filter>
    </ClInclude>
    <ClInclude Include="..\source\TNodeConst.h">
      <Filter>Header Files</Filter>
    </ClInclude>
    <ClInclude Include="..\source\TNodeVar.h">
      <Filter>Header Files</Filter>
    </ClInclude>
    <ClInclude Include="..\source\TNodeIf.h">
      <Filter>Header Files</Filter>
    </ClInclude>
    <ClInclude Include="..\source\TNodeWhile.h">
      <Filter>Header Files</Filter>
    </ClInclude>
    <ClInclude Include="..\source\TNodeCall.h">
      <Filter>Header Files</Filter>
    </ClInclude>
    <ClInclude Include="..\source\TNodeAssign.h">
      <Filter>Header Files</Filter>
    </ClInclude>
    <ClInclude Include="..\source\TNodeRef.h">
      <Filter>Header Files</Filter>
    </ClInclude>
    <ClInclude Include="..\source\TNodeStmt.h">
      <Filter>Header Files</Filter>
    </ClInclude>
    <ClInclude Include="..\source\TNodeExpr.h">
      <Filter>Header Files</Filter>
    </ClInclude>
    <ClInclude Include="..\source\AST.h">
      <Filter>Header Files</Filter>
    </ClInclude>
  </ItemGroup>
</Project>