<?xml version="1.0" encoding="utf-8"?>
<Project ToolsVersion="4.0" xmlns="http://schemas.microsoft.com/developer/msbuild/2003">
  <ItemGroup>
    <Filter Include="Header Files">
      <UniqueIdentifier>{93995380-89BD-4b04-88EB-625FBE52EBFB}</UniqueIdentifier>
      <Extensions>h;hpp;hxx;hm;inl;inc;xsd</Extensions>
    </Filter>
    <Filter Include="Resource Files">
      <UniqueIdentifier>{67DA6AB6-F800-4c08-8B7A-83BB121AAD01}</UniqueIdentifier>
      <Extensions>rc;ico;cur;bmp;dlg;rc2;rct;bin;rgs;gif;jpg;jpeg;jpe;resx;tiff;tif;png;wav;mfcribbon-ms</Extensions>
    </Filter>
    <Filter Include="Header Files\FrontEnd">
      <UniqueIdentifier>{ff3317ca-8efb-4ba4-aa67-9b95b39bf3d7}</UniqueIdentifier>
    </Filter>
    <Filter Include="Header Files\UI">
      <UniqueIdentifier>{4401483f-3996-4583-9248-a696c9adbe4f}</UniqueIdentifier>
    </Filter>
    <Filter Include="Header Files\PKB">
      <UniqueIdentifier>{6665de7e-6df5-40e5-b291-e64168aefff6}</UniqueIdentifier>
    </Filter>
    <Filter Include="Header Files\PQL">
      <UniqueIdentifier>{44004967-553c-43c3-a12b-0b4726140ddf}</UniqueIdentifier>
    </Filter>
    <Filter Include="Resource Files\Source Files">
      <UniqueIdentifier>{4FC737F1-C7A5-4376-A066-2A32D752A2FF}</UniqueIdentifier>
      <Extensions>cpp;c;cc;cxx;def;odl;idl;hpj;bat;asm;asmx</Extensions>
    </Filter>
    <Filter Include="Resource Files\Source Files\PKB">
      <UniqueIdentifier>{023f36e4-cfd8-4799-880d-2e8bbb029ad4}</UniqueIdentifier>
    </Filter>
    <Filter Include="Resource Files\Source Files\PQL">
      <UniqueIdentifier>{2a145bd3-eb79-4998-a02c-dc0f1cc1db92}</UniqueIdentifier>
    </Filter>
    <Filter Include="Resource Files\Source Files\FrontEnd">
      <UniqueIdentifier>{8aaf0138-5ab1-42d7-9389-6df9a1b41715}</UniqueIdentifier>
    </Filter>
    <Filter Include="Resource Files\Source Files\FrontEnd\Parser">
      <UniqueIdentifier>{2650a8ac-2120-469a-9241-e8a2f88aa313}</UniqueIdentifier>
    </Filter>
    <Filter Include="Resource Files\Source Files\FrontEnd\DesignExtractor">
      <UniqueIdentifier>{cab850b3-c482-47bf-8aff-c6b2df8f728c}</UniqueIdentifier>
    </Filter>
    <Filter Include="Resource Files\Source Files\Utility">
      <UniqueIdentifier>{3cd09e9b-f387-4231-8d40-7f9c32566410}</UniqueIdentifier>
    </Filter>
    <Filter Include="Header Files\Utility">
      <UniqueIdentifier>{67ee6eeb-efd9-4fad-a548-c0176c067dad}</UniqueIdentifier>
    </Filter>
    <Filter Include="Resource Files\Source Files\UI">
      <UniqueIdentifier>{dad4a785-f16b-40ac-9012-8b10e71dfd47}</UniqueIdentifier>
    </Filter>
    <Filter Include="Resource Files\Source Files\PQL\Clause">
      <UniqueIdentifier>{7a5e1770-0862-4c1f-b15a-8a18f1208256}</UniqueIdentifier>
    </Filter>
    <Filter Include="Header Files\PQL\Clause">
      <UniqueIdentifier>{f79d15e4-a31f-4f36-bcf9-76e4de9521d4}</UniqueIdentifier>
    </Filter>
  </ItemGroup>
  <ItemGroup>
    <ClCompile Include="..\source\DesignExtractor.cpp">
      <Filter>Resource Files\Source Files\FrontEnd\DesignExtractor</Filter>
    </ClCompile>
    <ClCompile Include="..\source\Parser.cpp">
      <Filter>Resource Files\Source Files\FrontEnd\Parser</Filter>
    </ClCompile>
    <ClCompile Include="..\source\Controller.cpp">
      <Filter>Resource Files\Source Files\UI</Filter>
    </ClCompile>
    <ClCompile Include="..\source\PKB.cpp">
      <Filter>Resource Files\Source Files\PKB</Filter>
    </ClCompile>
    <ClCompile Include="..\source\PrefixEvaluator.cpp">
      <Filter>Resource Files\Source Files\Utility</Filter>
    </ClCompile>
    <ClCompile Include="..\source\Tokenizer.cpp">
      <Filter>Resource Files\Source Files\Utility</Filter>
    </ClCompile>
    <ClCompile Include="..\source\ModifiesTable.cpp">
      <Filter>Resource Files\Source Files\PKB</Filter>
    </ClCompile>
    <ClCompile Include="..\source\ParentsTable.cpp">
      <Filter>Resource Files\Source Files\PKB</Filter>
    </ClCompile>
    <ClCompile Include="..\source\ProcTable.cpp">
      <Filter>Resource Files\Source Files\PKB</Filter>
    </ClCompile>
    <ClCompile Include="..\source\UsesTable.cpp">
      <Filter>Resource Files\Source Files\PKB</Filter>
    </ClCompile>
    <ClCompile Include="..\source\VarTable.cpp">
      <Filter>Resource Files\Source Files\PKB</Filter>
    </ClCompile>
    <ClCompile Include="..\source\WhileTable.cpp">
      <Filter>Resource Files\Source Files\PKB</Filter>
    </ClCompile>
    <ClCompile Include="..\source\AssignTable.cpp">
      <Filter>Resource Files\Source Files\PKB</Filter>
    </ClCompile>
    <ClCompile Include="..\source\CallTable.cpp">
      <Filter>Resource Files\Source Files\PKB</Filter>
    </ClCompile>
    <ClCompile Include="..\source\ConstTable.cpp">
      <Filter>Resource Files\Source Files\PKB</Filter>
    </ClCompile>
    <ClCompile Include="..\source\FollowsTable.cpp">
      <Filter>Resource Files\Source Files\PKB</Filter>
    </ClCompile>
    <ClCompile Include="..\source\IfTable.cpp">
      <Filter>Resource Files\Source Files\PKB</Filter>
    </ClCompile>
    <ClCompile Include="..\source\Parent.cpp">
      <Filter>Resource Files\Source Files\PQL\Clause</Filter>
    </ClCompile>
    <ClCompile Include="..\source\Uses.cpp">
      <Filter>Resource Files\Source Files\PQL\Clause</Filter>
    </ClCompile>
    <ClCompile Include="..\source\Pattern.cpp">
      <Filter>Resource Files\Source Files\PQL\Clause</Filter>
    </ClCompile>
    <ClCompile Include="..\source\Modifies.cpp">
      <Filter>Resource Files\Source Files\PQL\Clause</Filter>
    </ClCompile>
    <ClCompile Include="..\source\Follow.cpp">
      <Filter>Resource Files\Source Files\PQL\Clause</Filter>
    </ClCompile>
    <ClCompile Include="..\source\QueryTree.cpp">
      <Filter>Resource Files\Source Files\PQL</Filter>
    </ClCompile>
  </ItemGroup>
  <ItemGroup>
    <ClInclude Include="..\source\Parser.h">
      <Filter>Header Files\FrontEnd</Filter>
    </ClInclude>
    <ClInclude Include="..\source\Controller.h">
      <Filter>Header Files\UI</Filter>
    </ClInclude>
    <ClInclude Include="..\source\PKB.h">
      <Filter>Header Files\PKB</Filter>
    </ClInclude>
    <ClInclude Include="..\source\PrefixEvaluator.h">
      <Filter>Header Files\Utility</Filter>
    </ClInclude>
    <ClInclude Include="..\source\Tokenizer.h">
      <Filter>Header Files\Utility</Filter>
    </ClInclude>
    <ClInclude Include="..\source\DesignExtractor.h">
      <Filter>Header Files\FrontEnd</Filter>
    </ClInclude>
    <ClInclude Include="..\source\ParentsTable.h">
      <Filter>Header Files\PKB</Filter>
    </ClInclude>
    <ClInclude Include="..\source\ProcTable.h">
      <Filter>Header Files\PKB</Filter>
    </ClInclude>
    <ClInclude Include="..\source\UsesTable.h">
      <Filter>Header Files\PKB</Filter>
    </ClInclude>
    <ClInclude Include="..\source\VarTable.h">
      <Filter>Header Files\PKB</Filter>
    </ClInclude>
    <ClInclude Include="..\source\WhileTable.h">
      <Filter>Header Files\PKB</Filter>
    </ClInclude>
    <ClInclude Include="..\source\AssignTable.h">
      <Filter>Header Files\PKB</Filter>
    </ClInclude>
    <ClInclude Include="..\source\CallTable.h">
      <Filter>Header Files\PKB</Filter>
    </ClInclude>
    <ClInclude Include="..\source\ConstTable.h">
      <Filter>Header Files\PKB</Filter>
    </ClInclude>
    <ClInclude Include="..\source\FollowsTable.h">
      <Filter>Header Files\PKB</Filter>
    </ClInclude>
    <ClInclude Include="..\source\IfTable.h">
      <Filter>Header Files\PKB</Filter>
    </ClInclude>
    <ClInclude Include="..\source\ModifiesTable.h">
      <Filter>Header Files\PKB</Filter>
    </ClInclude>
    <ClInclude Include="..\source\Uses.h">
      <Filter>Header Files\PQL\Clause</Filter>
    </ClInclude>
    <ClInclude Include="..\source\Clause.h">
      <Filter>Header Files\PQL\Clause</Filter>
    </ClInclude>
    <ClInclude Include="..\source\Follow.h">
      <Filter>Header Files\PQL\Clause</Filter>
    </ClInclude>
    <ClInclude Include="..\source\FollowStar.h">
      <Filter>Header Files\PQL\Clause</Filter>
    </ClInclude>
    <ClInclude Include="..\source\Modifies.h">
      <Filter>Header Files\PQL\Clause</Filter>
    </ClInclude>
    <ClInclude Include="..\source\Parent.h">
      <Filter>Header Files\PQL\Clause</Filter>
    </ClInclude>
    <ClInclude Include="..\source\ParentStar.h">
      <Filter>Header Files\PQL\Clause</Filter>
    </ClInclude>
    <ClInclude Include="..\source\Pattern.h">
      <Filter>Header Files\PQL\Clause</Filter>
    </ClInclude>
    <ClInclude Include="..\source\QueryTree.h">
      <Filter>Header Files\PQL</Filter>
    </ClInclude>
    <ClInclude Include="..\source\Type.h">
      <Filter>Header Files\PQL</Filter>
    </ClInclude>
  </ItemGroup>
</Project>