<?xml version="1.0" encoding="utf-8"?>
<Project ToolsVersion="4.0" xmlns="http://schemas.microsoft.com/developer/msbuild/2003">
  <ItemGroup>
    <Filter Include="Source Files">
      <UniqueIdentifier>{4FC737F1-C7A5-4376-A066-2A32D752A2FF}</UniqueIdentifier>
      <Extensions>cpp;c;cc;cxx;def;odl;idl;hpj;bat;asm;asmx</Extensions>
    </Filter>
    <Filter Include="Header Files">
      <UniqueIdentifier>{93995380-89BD-4b04-88EB-625FBE52EBFB}</UniqueIdentifier>
      <Extensions>h;hh;hpp;hxx;hm;inl;inc;xsd</Extensions>
    </Filter>
    <Filter Include="Resource Files">
      <UniqueIdentifier>{67DA6AB6-F800-4c08-8B7A-83BB121AAD01}</UniqueIdentifier>
      <Extensions>rc;ico;cur;bmp;dlg;rc2;rct;bin;rgs;gif;jpg;jpeg;jpe;resx;tiff;tif;png;wav;mfcribbon-ms</Extensions>
    </Filter>
    <Filter Include="Header Files\PKBStub">
      <UniqueIdentifier>{b6e97f56-8ccf-4a60-bf40-e21b79c8df0e}</UniqueIdentifier>
    </Filter>
    <Filter Include="Source Files\PKBStub">
      <UniqueIdentifier>{12e7eab2-172b-4437-912b-905aa8bc22b9}</UniqueIdentifier>
    </Filter>
  </ItemGroup>
  <ItemGroup>
    <ClInclude Include="stdafx.h">
      <Filter>Header Files</Filter>
    </ClInclude>
    <ClInclude Include="targetver.h">
      <Filter>Header Files</Filter>
    </ClInclude>
    <ClInclude Include="PatternPKBStub.h">
      <Filter>Header Files\PKBStub</Filter>
    </ClInclude>
    <ClInclude Include="CallsPKBStub.h">
      <Filter>Header Files\PKBStub</Filter>
    </ClInclude>
    <ClInclude Include="CallsStarPKBStub.h">
      <Filter>Header Files\PKBStub</Filter>
    </ClInclude>
    <ClInclude Include="FollowPKBStub.h">
      <Filter>Header Files\PKBStub</Filter>
    </ClInclude>
    <ClInclude Include="FollowStarPKBStub.h">
      <Filter>Header Files\PKBStub</Filter>
    </ClInclude>
    <ClInclude Include="ModifiesPKBStub.h">
      <Filter>Header Files\PKBStub</Filter>
    </ClInclude>
    <ClInclude Include="NextPKBStub.h">
      <Filter>Header Files\PKBStub</Filter>
    </ClInclude>
    <ClInclude Include="NextBipPKBStub.h">
      <Filter>Header Files\PKBStub</Filter>
    </ClInclude>
    <ClInclude Include="NextBipStarPKBStub.h">
      <Filter>Header Files\PKBStub</Filter>
    </ClInclude>
    <ClInclude Include="NextStarPKBStub.h">
      <Filter>Header Files\PKBStub</Filter>
    </ClInclude>
    <ClInclude Include="ParentPKBStub.h">
      <Filter>Header Files\PKBStub</Filter>
    </ClInclude>
    <ClInclude Include="ParentStarPKBStub.h">
      <Filter>Header Files\PKBStub</Filter>
    </ClInclude>
    <ClInclude Include="UsesPKBStub.h">
      <Filter>Header Files\PKBStub</Filter>
    </ClInclude>
    <ClInclude Include="WithPKBStub.h">
      <Filter>Header Files\PKBStub</Filter>
    </ClInclude>
    <ClInclude Include="AffectsPKBStub.h">
      <Filter>Header Files\PKBStub</Filter>
    </ClInclude>
  </ItemGroup>
  <ItemGroup>
    <ClCompile Include="stdafx.cpp">
      <Filter>Source Files</Filter>
    </ClCompile>
    <ClCompile Include="QueryParserUnitTest.cpp">
      <Filter>Source Files</Filter>
    </ClCompile>
    <ClCompile Include="PKBTableUnitTest.cpp">
      <Filter>Source Files</Filter>
    </ClCompile>
    <ClCompile Include="PatternUnitTest.cpp">
      <Filter>Source Files</Filter>
    </ClCompile>
    <ClCompile Include="WithUnitTest.cpp">
      <Filter>Source Files</Filter>
    </ClCompile>
    <ClCompile Include="AffectsUnitTest.cpp">
      <Filter>Source Files</Filter>
    </ClCompile>
    <ClCompile Include="TableOperationsUnitTest.cpp">
      <Filter>Source Files</Filter>
    </ClCompile>
    <ClCompile Include="CallsUnitTest.cpp">
      <Filter>Source Files</Filter>
    </ClCompile>
    <ClCompile Include="CallsStarUnitTest.cpp">
      <Filter>Source Files</Filter>
    </ClCompile>
    <ClCompile Include="FollowUnitTest.cpp">
      <Filter>Source Files</Filter>
    </ClCompile>
    <ClCompile Include="FollowStarUnitTest.cpp">
      <Filter>Source Files</Filter>
    </ClCompile>
    <ClCompile Include="ModifiesUnitTest.cpp">
      <Filter>Source Files</Filter>
    </ClCompile>
    <ClCompile Include="NextUnitTest.cpp">
      <Filter>Source Files</Filter>
    </ClCompile>
    <ClCompile Include="NextBipUnitTest.cpp">
      <Filter>Source Files</Filter>
    </ClCompile>
    <ClCompile Include="NextBipStarUnitTest.cpp">
      <Filter>Source Files</Filter>
    </ClCompile>
    <ClCompile Include="NextStarUnitTest.cpp">
      <Filter>Source Files</Filter>
    </ClCompile>
    <ClCompile Include="ParentUnitTest.cpp">
      <Filter>Source Files</Filter>
    </ClCompile>
    <ClCompile Include="ParentStarUnitTest.cpp">
      <Filter>Source Files</Filter>
    </ClCompile>
    <ClCompile Include="UsesUnitTest.cpp">
      <Filter>Source Files</Filter>
    </ClCompile>
    <ClCompile Include="AffectsStarUnitTest.cpp">
      <Filter>Source Files</Filter>
    </ClCompile>
    <ClCompile Include="AffectsPKBStub.cpp">
      <Filter>Source Files\PKBStub</Filter>
    </ClCompile>
    <ClCompile Include="PatternPKBStub.cpp">
      <Filter>Source Files\PKBStub</Filter>
    </ClCompile>
    <ClCompile Include="CallsPKBStub.cpp">
      <Filter>Source Files\PKBStub</Filter>
    </ClCompile>
    <ClCompile Include="CallsStarPKBStub.cpp">
      <Filter>Source Files\PKBStub</Filter>
    </ClCompile>
    <ClCompile Include="FollowPKBStub.cpp">
      <Filter>Source Files\PKBStub</Filter>
    </ClCompile>
    <ClCompile Include="FollowStarPKBStub.cpp">
      <Filter>Source Files\PKBStub</Filter>
    </ClCompile>
    <ClCompile Include="ModifiesPKBStub.cpp">
      <Filter>Source Files\PKBStub</Filter>
    </ClCompile>
    <ClCompile Include="NextPKBStub.cpp">
      <Filter>Source Files\PKBStub</Filter>
    </ClCompile>
    <ClCompile Include="NextBipPKBStub.cpp">
      <Filter>Source Files\PKBStub</Filter>
    </ClCompile>
    <ClCompile Include="NextBipStarPKBStub.cpp">
      <Filter>Source Files\PKBStub</Filter>
    </ClCompile>
    <ClCompile Include="NextStarPKBStub.cpp">
      <Filter>Source Files\PKBStub</Filter>
    </ClCompile>
    <ClCompile Include="ParentPKBStub.cpp">
      <Filter>Source Files\PKBStub</Filter>
    </ClCompile>
    <ClCompile Include="ParentStarPKBStub.cpp">
      <Filter>Source Files\PKBStub</Filter>
    </ClCompile>
    <ClCompile Include="UsesPKBStub.cpp">
      <Filter>Source Files\PKBStub</Filter>
    </ClCompile>
    <ClCompile Include="WithPKBStub.cpp">
      <Filter>Source Files\PKBStub</Filter>
    </ClCompile>
  </ItemGroup>
</Project>